{
  "version": 4,
  "terraform_version": "1.9.5",
  "serial": 17,
  "lineage": "73e76869-86f9-7f2a-a1b1-d33d2f836097",
  "outputs": {
    "cluster_id": {
      "value": "project-cluster",
      "type": "string"
    },
    "node_group_id": {
      "value": "project-cluster:project-node-group",
      "type": "string"
    },
    "subnet_ids": {
      "value": [
        "subnet-0791ebfeb0d4d0341",
        "subnet-03a6d9f3f07761449"
      ],
      "type": [
        "tuple",
        [
          "string",
          "string"
        ]
      ]
    },
    "vpc_id": {
      "value": "vpc-0c59bed7ba82f6c25",
      "type": "string"
    }
  },
  "resources": [
    {
      "mode": "managed",
      "type": "aws_eks_cluster",
      "name": "project_cluster",
      "provider": "provider[\"registry.terraform.io/hashicorp/aws\"]",
      "instances": [
        {
          "schema_version": 1,
          "attributes": {
            "access_config": [
              {
                "authentication_mode": "CONFIG_MAP",
                "bootstrap_cluster_creator_admin_permissions": true
              }
            ],
            "arn": "arn:aws:eks:ap-south-1:128517770886:cluster/project-cluster",
            "bootstrap_self_managed_addons": true,
            "certificate_authority": [
              {
                "data": "LS0tLS1CRUdJTiBDRVJUSUZJQ0FURS0tLS0tCk1JSURCVENDQWUyZ0F3SUJBZ0lJU0lLRFQ0eFhQemd3RFFZSktvWklodmNOQVFFTEJRQXdGVEVUTUJFR0ExVUUKQXhNS2EzVmlaWEp1WlhSbGN6QWVGdzB5TlRBeU1UQXhNakV4TURsYUZ3MHpOVEF5TURneE1qRTJNRGxhTUJVeApFekFSQmdOVkJBTVRDbXQxWW1WeWJtVjBaWE13Z2dFaU1BMEdDU3FHU0liM0RRRUJBUVVBQTRJQkR3QXdnZ0VLCkFvSUJBUUNzclZ0bVJwR3ZVME42Y0l0eFVHaXp6UFNjQnNKR1l3bGJXd09odTVGWTl1NHkyc2l0Qks5Mi9IT3AKUFdWUXhxclh2TldmYVF0N0JGZnFYN2lodXd4dVBCb3p6K1p5N1VoZlNRTjZLZTYycElQa3RqN1dKYVdJck1LLwpyZmNDNFE4RitScTF0RHR0TWZ3N25uMlRhU2RQaHFKblg0Sko0a0dVaFNVVFAvRHBZQjI2VXAyQlJzYXM1WW5ZCkRVcndYaWIvUXZKRzZqWWVVY1VPeWM0dDBSSkJlQzdkcHlsc1pzamFXQVFvREpTQWFhclRDcWpTUXNsd2tNNGQKblkvcG1lK1NOSHFQcjJQcmI0MzRjQVJid1p1bFFNM1ZnZW9GNS9JdnBiNnJSRHNvWDVPc3dCTTZjMUxhNHd0QgpvTndHK1hKVURmYmRoR1BzdGFkN0ZFVGxSVkhqQWdNQkFBR2pXVEJYTUE0R0ExVWREd0VCL3dRRUF3SUNwREFQCkJnTlZIUk1CQWY4RUJUQURBUUgvTUIwR0ExVWREZ1FXQkJRZlNNR3ZGR2RTbEhXZUFnMFliSUlTTkN4NFlEQVYKQmdOVkhSRUVEakFNZ2dwcmRXSmxjbTVsZEdWek1BMEdDU3FHU0liM0RRRUJDd1VBQTRJQkFRQTVVakF0T1JXRwpMb21YdlFWaVpJWTNVd2h2VW1wczNaK1FrcExBU2FhSXdxNVgzYVp2U2lYd1ZzeWs4VFZYOEtZVWVha3V3bkUrCjJuN3M1N3ZNbUEyNk11ZDN1Z3poTHNINEdrU2dEcFVXcG5JMUFpelJnMjIyY1AxV2VXa1FkYnZrTHpwLytmRVEKN3VyVHFCTVJCTGEzRkFQb293S2h5TWpmWkhwWUE4WERQaXhVZllyMzNzdmJxdCtLY090MWI4RjBSUVdTK3NFOApma2ROYk9qbC8vVisxU0ppNFBTY1R1bVBGYWZMWG5QYVl3UURlTE93b0Jtc2hBR2F3dTJERXc5Nk11MkJ5eEp3CnphRk9rR0RiY3p5MU5HajhDekxNZjE1L0ptKzNzNHc3UzFvdkVKUnZ2dXZMRHh3VHRpbFlRN1RjWHZhU3hCdUwKc2dNRTJvS0NSZytsCi0tLS0tRU5EIENFUlRJRklDQVRFLS0tLS0K"
              }
            ],
            "cluster_id": null,
            "compute_config": [],
            "created_at": "2025-02-10T12:11:50Z",
            "enabled_cluster_log_types": null,
            "encryption_config": [],
            "endpoint": "https://D05501F53D55482235711FB3EE4159D8.gr7.ap-south-1.eks.amazonaws.com",
            "id": "project-cluster",
            "identity": [
              {
                "oidc": [
                  {
                    "issuer": "https://oidc.eks.ap-south-1.amazonaws.com/id/D05501F53D55482235711FB3EE4159D8"
                  }
                ]
              }
            ],
            "kubernetes_network_config": [
              {
                "elastic_load_balancing": [
                  {
                    "enabled": false
                  }
                ],
                "ip_family": "ipv4",
                "service_ipv4_cidr": "172.20.0.0/16",
                "service_ipv6_cidr": ""
              }
            ],
            "name": "project-cluster",
            "outpost_config": [],
            "platform_version": "eks.18",
            "remote_network_config": [],
            "role_arn": "arn:aws:iam::128517770886:role/project-cluster-role",
            "status": "ACTIVE",
            "storage_config": [],
            "tags": null,
            "tags_all": {},
            "timeouts": null,
            "upgrade_policy": [
              {
                "support_type": "EXTENDED"
              }
            ],
            "version": "1.31",
            "vpc_config": [
              {
                "cluster_security_group_id": "sg-0bb92c8e0483d86fc",
                "endpoint_private_access": false,
                "endpoint_public_access": true,
                "public_access_cidrs": [
                  "0.0.0.0/0"
                ],
                "security_group_ids": [
                  "sg-051748f0fed1896cd"
                ],
                "subnet_ids": [
                  "subnet-03a6d9f3f07761449",
                  "subnet-0791ebfeb0d4d0341"
                ],
                "vpc_id": "vpc-0c59bed7ba82f6c25"
              }
            ],
            "zonal_shift_config": []
          },
          "sensitive_attributes": [],
          "private": "eyJlMmJmYjczMC1lY2FhLTExZTYtOGY4OC0zNDM2M2JjN2M0YzAiOnsiY3JlYXRlIjoxODAwMDAwMDAwMDAwLCJkZWxldGUiOjkwMDAwMDAwMDAwMCwidXBkYXRlIjozNjAwMDAwMDAwMDAwfSwic2NoZW1hX3ZlcnNpb24iOiIxIn0=",
          "dependencies": [
            "aws_iam_role.project_cluster_role",
            "aws_security_group.project_cluster_sg",
            "aws_subnet.project_subnet",
            "aws_vpc.project_vpc"
          ]
        }
      ]
    },
    {
      "mode": "managed",
      "type": "aws_eks_node_group",
      "name": "project_ng",
      "provider": "provider[\"registry.terraform.io/hashicorp/aws\"]",
      "instances": [
        {
          "schema_version": 0,
          "attributes": {
            "ami_type": "AL2023_x86_64_STANDARD",
            "arn": "arn:aws:eks:ap-south-1:128517770886:nodegroup/project-cluster/project-node-group/02ca77e5-afc2-8eb8-145d-a86b04b61cd7",
            "capacity_type": "ON_DEMAND",
            "cluster_name": "project-cluster",
            "disk_size": 20,
            "force_update_version": null,
            "id": "project-cluster:project-node-group",
            "instance_types": [
              "t2.medium"
            ],
            "labels": null,
            "launch_template": [],
            "node_group_name": "project-node-group",
            "node_group_name_prefix": "",
            "node_repair_config": [],
            "node_role_arn": "arn:aws:iam::128517770886:role/project-node-group-role",
            "release_version": "1.31.4-20250203",
            "remote_access": [
              {
                "ec2_ssh_key": "ubuntukeypair",
                "source_security_group_ids": [
                  "sg-0785c77e71bb05715"
                ]
              }
            ],
            "resources": [
              {
                "autoscaling_groups": [
                  {
                    "name": "eks-project-node-group-02ca77e5-afc2-8eb8-145d-a86b04b61cd7"
                  }
                ],
                "remote_access_security_group_id": "sg-0674d0d1e4ae5c963"
              }
            ],
            "scaling_config": [
              {
                "desired_size": 3,
                "max_size": 3,
                "min_size": 3
              }
            ],
            "status": "ACTIVE",
            "subnet_ids": [
              "subnet-03a6d9f3f07761449",
              "subnet-0791ebfeb0d4d0341"
            ],
            "tags": null,
            "tags_all": {},
            "taint": [],
            "timeouts": null,
            "update_config": [
              {
                "max_unavailable": 1,
                "max_unavailable_percentage": 0
              }
            ],
            "version": "1.31"
          },
          "sensitive_attributes": [],
          "private": "eyJlMmJmYjczMC1lY2FhLTExZTYtOGY4OC0zNDM2M2JjN2M0YzAiOnsiY3JlYXRlIjozNjAwMDAwMDAwMDAwLCJkZWxldGUiOjM2MDAwMDAwMDAwMDAsInVwZGF0ZSI6MzYwMDAwMDAwMDAwMH19",
          "dependencies": [
            "aws_eks_cluster.project_cluster",
            "aws_iam_role.project_cluster_role",
            "aws_iam_role.project_node_group_role",
            "aws_security_group.project_cluster_sg",
            "aws_security_group.project_node_sg",
            "aws_subnet.project_subnet",
            "aws_vpc.project_vpc"
          ]
        }
      ]
    },
    {
      "mode": "managed",
      "type": "aws_iam_role",
      "name": "project_cluster_role",
      "provider": "provider[\"registry.terraform.io/hashicorp/aws\"]",
      "instances": [
        {
          "schema_version": 0,
          "attributes": {
            "arn": "arn:aws:iam::128517770886:role/project-cluster-role",
            "assume_role_policy": "{\"Statement\":[{\"Action\":\"sts:AssumeRole\",\"Effect\":\"Allow\",\"Principal\":{\"Service\":\"eks.amazonaws.com\"}}],\"Version\":\"2012-10-17\"}",
            "create_date": "2025-02-10T12:11:27Z",
            "description": "",
            "force_detach_policies": false,
            "id": "project-cluster-role",
            "inline_policy": [],
            "managed_policy_arns": [],
            "max_session_duration": 3600,
            "name": "project-cluster-role",
            "name_prefix": "",
            "path": "/",
            "permissions_boundary": "",
            "tags": null,
            "tags_all": {},
            "unique_id": "AROAR33CBR2DHDTYMENWX"
          },
          "sensitive_attributes": [],
          "private": "bnVsbA=="
        }
      ]
    },
    {
      "mode": "managed",
      "type": "aws_iam_role",
      "name": "project_node_group_role",
      "provider": "provider[\"registry.terraform.io/hashicorp/aws\"]",
      "instances": [
        {
          "schema_version": 0,
          "attributes": {
            "arn": "arn:aws:iam::128517770886:role/project-node-group-role",
            "assume_role_policy": "{\"Statement\":[{\"Action\":\"sts:AssumeRole\",\"Effect\":\"Allow\",\"Principal\":{\"Service\":\"ec2.amazonaws.com\"}}],\"Version\":\"2012-10-17\"}",
            "create_date": "2025-02-10T12:11:27Z",
            "description": "",
            "force_detach_policies": false,
            "id": "project-node-group-role",
            "inline_policy": [],
            "managed_policy_arns": [],
            "max_session_duration": 3600,
            "name": "project-node-group-role",
            "name_prefix": "",
            "path": "/",
            "permissions_boundary": "",
            "tags": null,
            "tags_all": {},
            "unique_id": "AROAR33CBR2DANTBTRBLG"
          },
          "sensitive_attributes": [],
          "private": "bnVsbA=="
        }
      ]
    },
    {
      "mode": "managed",
      "type": "aws_iam_role_policy_attachment",
      "name": "project_cluster_role_policy",
      "provider": "provider[\"registry.terraform.io/hashicorp/aws\"]",
      "instances": [
        {
          "schema_version": 0,
          "attributes": {
            "id": "project-cluster-role-20250210121135013600000004",
            "policy_arn": "arn:aws:iam::aws:policy/AmazonEKSClusterPolicy",
            "role": "project-cluster-role"
          },
          "sensitive_attributes": [],
          "private": "bnVsbA==",
          "dependencies": [
            "aws_iam_role.project_cluster_role"
          ]
        }
      ]
    },
    {
      "mode": "managed",
      "type": "aws_iam_role_policy_attachment",
      "name": "project_node_group_cni_policy",
      "provider": "provider[\"registry.terraform.io/hashicorp/aws\"]",
      "instances": [
        {
          "schema_version": 0,
          "attributes": {
            "id": "project-node-group-role-20250210121135268700000005",
            "policy_arn": "arn:aws:iam::aws:policy/AmazonEKS_CNI_Policy",
            "role": "project-node-group-role"
          },
          "sensitive_attributes": [],
          "private": "bnVsbA==",
          "dependencies": [
            "aws_iam_role.project_node_group_role"
          ]
        }
      ]
    },
    {
      "mode": "managed",
      "type": "aws_iam_role_policy_attachment",
      "name": "project_node_group_registry_policy",
      "provider": "provider[\"registry.terraform.io/hashicorp/aws\"]",
      "instances": [
        {
          "schema_version": 0,
          "attributes": {
            "id": "project-node-group-role-20250210121135282500000006",
            "policy_arn": "arn:aws:iam::aws:policy/AmazonEC2ContainerRegistryReadOnly",
            "role": "project-node-group-role"
          },
          "sensitive_attributes": [],
          "private": "bnVsbA==",
          "dependencies": [
            "aws_iam_role.project_node_group_role"
          ]
        }
      ]
    },
    {
      "mode": "managed",
      "type": "aws_iam_role_policy_attachment",
      "name": "project_node_group_role_policy",
      "provider": "provider[\"registry.terraform.io/hashicorp/aws\"]",
      "instances": [
        {
          "schema_version": 0,
          "attributes": {
            "id": "project-node-group-role-20250210121135013400000003",
            "policy_arn": "arn:aws:iam::aws:policy/AmazonEKSWorkerNodePolicy",
            "role": "project-node-group-role"
          },
          "sensitive_attributes": [],
          "private": "bnVsbA==",
          "dependencies": [
            "aws_iam_role.project_node_group_role"
          ]
        }
      ]
    },
    {
      "mode": "managed",
      "type": "aws_internet_gateway",
      "name": "project_igw",
      "provider": "provider[\"registry.terraform.io/hashicorp/aws\"]",
      "instances": [
        {
          "schema_version": 0,
          "attributes": {
            "arn": "arn:aws:ec2:ap-south-1:128517770886:internet-gateway/igw-01821df7dfa066979",
            "id": "igw-01821df7dfa066979",
            "owner_id": "128517770886",
            "tags": {
              "Name": "project-igw"
            },
            "tags_all": {
              "Name": "project-igw"
            },
            "timeouts": null,
            "vpc_id": "vpc-0c59bed7ba82f6c25"
          },
          "sensitive_attributes": [],
          "private": "eyJlMmJmYjczMC1lY2FhLTExZTYtOGY4OC0zNDM2M2JjN2M0YzAiOnsiY3JlYXRlIjoxMjAwMDAwMDAwMDAwLCJkZWxldGUiOjEyMDAwMDAwMDAwMDAsInVwZGF0ZSI6MTIwMDAwMDAwMDAwMH19",
          "dependencies": [
            "aws_vpc.project_vpc"
          ]
        }
      ]
    },
    {
      "mode": "managed",
      "type": "aws_route_table",
      "name": "project_route_table",
      "provider": "provider[\"registry.terraform.io/hashicorp/aws\"]",
      "instances": [
        {
          "schema_version": 0,
          "attributes": {
            "arn": "arn:aws:ec2:ap-south-1:128517770886:route-table/rtb-08fe0b23d3b4863ba",
            "id": "rtb-08fe0b23d3b4863ba",
            "owner_id": "128517770886",
            "propagating_vgws": [],
            "route": [
              {
                "carrier_gateway_id": "",
                "cidr_block": "0.0.0.0/0",
                "core_network_arn": "",
                "destination_prefix_list_id": "",
                "egress_only_gateway_id": "",
                "gateway_id": "igw-01821df7dfa066979",
                "ipv6_cidr_block": "",
                "local_gateway_id": "",
                "nat_gateway_id": "",
                "network_interface_id": "",
                "transit_gateway_id": "",
                "vpc_endpoint_id": "",
                "vpc_peering_connection_id": ""
              }
            ],
            "tags": {
              "Name": "project-route-table"
            },
            "tags_all": {
              "Name": "project-route-table"
            },
            "timeouts": null,
            "vpc_id": "vpc-0c59bed7ba82f6c25"
          },
          "sensitive_attributes": [],
          "private": "eyJlMmJmYjczMC1lY2FhLTExZTYtOGY4OC0zNDM2M2JjN2M0YzAiOnsiY3JlYXRlIjozMDAwMDAwMDAwMDAsImRlbGV0ZSI6MzAwMDAwMDAwMDAwLCJ1cGRhdGUiOjEyMDAwMDAwMDAwMH19",
          "dependencies": [
            "aws_internet_gateway.project_igw",
            "aws_vpc.project_vpc"
          ]
        }
      ]
    },
    {
      "mode": "managed",
      "type": "aws_route_table_association",
      "name": "a",
      "provider": "provider[\"registry.terraform.io/hashicorp/aws\"]",
      "instances": [
        {
          "index_key": 0,
          "schema_version": 0,
          "attributes": {
            "gateway_id": "",
            "id": "rtbassoc-056c0c15e3aed049e",
            "route_table_id": "rtb-08fe0b23d3b4863ba",
            "subnet_id": "subnet-0791ebfeb0d4d0341",
            "timeouts": null
          },
          "sensitive_attributes": [],
          "private": "eyJlMmJmYjczMC1lY2FhLTExZTYtOGY4OC0zNDM2M2JjN2M0YzAiOnsiY3JlYXRlIjozMDAwMDAwMDAwMDAsImRlbGV0ZSI6MzAwMDAwMDAwMDAwLCJ1cGRhdGUiOjEyMDAwMDAwMDAwMH19",
          "dependencies": [
            "aws_internet_gateway.project_igw",
            "aws_route_table.project_route_table",
            "aws_subnet.project_subnet",
            "aws_vpc.project_vpc"
          ]
        },
        {
          "index_key": 1,
          "schema_version": 0,
          "attributes": {
            "gateway_id": "",
            "id": "rtbassoc-065e829733de60631",
            "route_table_id": "rtb-08fe0b23d3b4863ba",
            "subnet_id": "subnet-03a6d9f3f07761449",
            "timeouts": null
          },
          "sensitive_attributes": [],
          "private": "eyJlMmJmYjczMC1lY2FhLTExZTYtOGY4OC0zNDM2M2JjN2M0YzAiOnsiY3JlYXRlIjozMDAwMDAwMDAwMDAsImRlbGV0ZSI6MzAwMDAwMDAwMDAwLCJ1cGRhdGUiOjEyMDAwMDAwMDAwMH19",
          "dependencies": [
            "aws_internet_gateway.project_igw",
            "aws_route_table.project_route_table",
            "aws_subnet.project_subnet",
            "aws_vpc.project_vpc"
          ]
        }
      ]
    },
    {
      "mode": "managed",
      "type": "aws_security_group",
      "name": "project_cluster_sg",
      "provider": "provider[\"registry.terraform.io/hashicorp/aws\"]",
      "instances": [
        {
          "schema_version": 1,
          "attributes": {
            "arn": "arn:aws:ec2:ap-south-1:128517770886:security-group/sg-051748f0fed1896cd",
            "description": "Managed by Terraform",
            "egress": [
              {
                "cidr_blocks": [
                  "0.0.0.0/0"
                ],
                "description": "",
                "from_port": 0,
                "ipv6_cidr_blocks": [],
                "prefix_list_ids": [],
                "protocol": "-1",
                "security_groups": [],
                "self": false,
                "to_port": 0
              }
            ],
            "id": "sg-051748f0fed1896cd",
            "ingress": [],
            "name": "terraform-20250210121134760000000001",
            "name_prefix": "terraform-",
            "owner_id": "128517770886",
            "revoke_rules_on_delete": false,
            "tags": {
              "Name": "project-cluster-sg"
            },
            "tags_all": {
              "Name": "project-cluster-sg"
            },
            "timeouts": null,
            "vpc_id": "vpc-0c59bed7ba82f6c25"
          },
          "sensitive_attributes": [],
          "private": "eyJlMmJmYjczMC1lY2FhLTExZTYtOGY4OC0zNDM2M2JjN2M0YzAiOnsiY3JlYXRlIjo2MDAwMDAwMDAwMDAsImRlbGV0ZSI6OTAwMDAwMDAwMDAwfSwic2NoZW1hX3ZlcnNpb24iOiIxIn0=",
          "dependencies": [
            "aws_vpc.project_vpc"
          ]
        }
      ]
    },
    {
      "mode": "managed",
      "type": "aws_security_group",
      "name": "project_node_sg",
      "provider": "provider[\"registry.terraform.io/hashicorp/aws\"]",
      "instances": [
        {
          "schema_version": 1,
          "attributes": {
            "arn": "arn:aws:ec2:ap-south-1:128517770886:security-group/sg-0785c77e71bb05715",
            "description": "Managed by Terraform",
            "egress": [
              {
                "cidr_blocks": [
                  "0.0.0.0/0"
                ],
                "description": "",
                "from_port": 0,
                "ipv6_cidr_blocks": [],
                "prefix_list_ids": [],
                "protocol": "-1",
                "security_groups": [],
                "self": false,
                "to_port": 0
              }
            ],
            "id": "sg-0785c77e71bb05715",
            "ingress": [
              {
                "cidr_blocks": [
                  "0.0.0.0/0"
                ],
                "description": "",
                "from_port": 0,
                "ipv6_cidr_blocks": [],
                "prefix_list_ids": [],
                "protocol": "-1",
                "security_groups": [],
                "self": false,
                "to_port": 0
              }
            ],
            "name": "terraform-20250210121134961100000002",
            "name_prefix": "terraform-",
            "owner_id": "128517770886",
            "revoke_rules_on_delete": false,
            "tags": {
              "Name": "project-node-sg"
            },
            "tags_all": {
              "Name": "project-node-sg"
            },
            "timeouts": null,
            "vpc_id": "vpc-0c59bed7ba82f6c25"
          },
          "sensitive_attributes": [],
          "private": "eyJlMmJmYjczMC1lY2FhLTExZTYtOGY4OC0zNDM2M2JjN2M0YzAiOnsiY3JlYXRlIjo2MDAwMDAwMDAwMDAsImRlbGV0ZSI6OTAwMDAwMDAwMDAwfSwic2NoZW1hX3ZlcnNpb24iOiIxIn0=",
          "dependencies": [
            "aws_vpc.project_vpc"
          ]
        }
      ]
    },
    {
      "mode": "managed",
      "type": "aws_subnet",
      "name": "project_subnet",
      "provider": "provider[\"registry.terraform.io/hashicorp/aws\"]",
      "instances": [
        {
          "index_key": 0,
          "schema_version": 1,
          "attributes": {
            "arn": "arn:aws:ec2:ap-south-1:128517770886:subnet/subnet-0791ebfeb0d4d0341",
            "assign_ipv6_address_on_creation": false,
            "availability_zone": "ap-south-1a",
            "availability_zone_id": "aps1-az1",
            "cidr_block": "10.0.0.0/24",
            "customer_owned_ipv4_pool": "",
            "enable_dns64": false,
            "enable_lni_at_device_index": 0,
            "enable_resource_name_dns_a_record_on_launch": false,
            "enable_resource_name_dns_aaaa_record_on_launch": false,
            "id": "subnet-0791ebfeb0d4d0341",
            "ipv6_cidr_block": "",
            "ipv6_cidr_block_association_id": "",
            "ipv6_native": false,
            "map_customer_owned_ip_on_launch": false,
            "map_public_ip_on_launch": true,
            "outpost_arn": "",
            "owner_id": "128517770886",
            "private_dns_hostname_type_on_launch": "ip-name",
            "tags": {
              "Name": "project-subnet-0"
            },
            "tags_all": {
              "Name": "project-subnet-0"
            },
            "timeouts": null,
            "vpc_id": "vpc-0c59bed7ba82f6c25"
          },
          "sensitive_attributes": [],
          "private": "eyJlMmJmYjczMC1lY2FhLTExZTYtOGY4OC0zNDM2M2JjN2M0YzAiOnsiY3JlYXRlIjo2MDAwMDAwMDAwMDAsImRlbGV0ZSI6MTIwMDAwMDAwMDAwMH0sInNjaGVtYV92ZXJzaW9uIjoiMSJ9",
          "dependencies": [
            "aws_vpc.project_vpc"
          ]
        },
        {
          "index_key": 1,
          "schema_version": 1,
          "attributes": {
            "arn": "arn:aws:ec2:ap-south-1:128517770886:subnet/subnet-03a6d9f3f07761449",
            "assign_ipv6_address_on_creation": false,
            "availability_zone": "ap-south-1b",
            "availability_zone_id": "aps1-az3",
            "cidr_block": "10.0.1.0/24",
            "customer_owned_ipv4_pool": "",
            "enable_dns64": false,
            "enable_lni_at_device_index": 0,
            "enable_resource_name_dns_a_record_on_launch": false,
            "enable_resource_name_dns_aaaa_record_on_launch": false,
            "id": "subnet-03a6d9f3f07761449",
            "ipv6_cidr_block": "",
            "ipv6_cidr_block_association_id": "",
            "ipv6_native": false,
            "map_customer_owned_ip_on_launch": false,
            "map_public_ip_on_launch": true,
            "outpost_arn": "",
            "owner_id": "128517770886",
            "private_dns_hostname_type_on_launch": "ip-name",
            "tags": {
              "Name": "project-subnet-1"
            },
            "tags_all": {
              "Name": "project-subnet-1"
            },
            "timeouts": null,
            "vpc_id": "vpc-0c59bed7ba82f6c25"
          },
          "sensitive_attributes": [],
          "private": "eyJlMmJmYjczMC1lY2FhLTExZTYtOGY4OC0zNDM2M2JjN2M0YzAiOnsiY3JlYXRlIjo2MDAwMDAwMDAwMDAsImRlbGV0ZSI6MTIwMDAwMDAwMDAwMH0sInNjaGVtYV92ZXJzaW9uIjoiMSJ9",
          "dependencies": [
            "aws_vpc.project_vpc"
          ]
        }
      ]
    },
    {
      "mode": "managed",
      "type": "aws_vpc",
      "name": "project_vpc",
      "provider": "provider[\"registry.terraform.io/hashicorp/aws\"]",
      "instances": [
        {
          "schema_version": 1,
          "attributes": {
            "arn": "arn:aws:ec2:ap-south-1:128517770886:vpc/vpc-0c59bed7ba82f6c25",
            "assign_generated_ipv6_cidr_block": false,
            "cidr_block": "10.0.0.0/16",
            "default_network_acl_id": "acl-03804c99f9241bb84",
            "default_route_table_id": "rtb-0ed8301dc2554841d",
            "default_security_group_id": "sg-029973a9847c43263",
            "dhcp_options_id": "dopt-024a43115652731e1",
            "enable_dns_hostnames": false,
            "enable_dns_support": true,
            "enable_network_address_usage_metrics": false,
            "id": "vpc-0c59bed7ba82f6c25",
            "instance_tenancy": "default",
            "ipv4_ipam_pool_id": null,
            "ipv4_netmask_length": null,
            "ipv6_association_id": "",
            "ipv6_cidr_block": "",
            "ipv6_cidr_block_network_border_group": "",
            "ipv6_ipam_pool_id": "",
            "ipv6_netmask_length": 0,
            "main_route_table_id": "rtb-0ed8301dc2554841d",
            "owner_id": "128517770886",
            "tags": {
              "Name": "project-vpc"
            },
            "tags_all": {
              "Name": "project-vpc"
            }
          },
          "sensitive_attributes": [],
          "private": "eyJzY2hlbWFfdmVyc2lvbiI6IjEifQ=="
        }
      ]
    }
  ],
  "check_results": null
}
